// !$*UTF8*$!
{
	archiveVersion = 1;
	classes = {
	};
	objectVersion = 77;
	objects = {

/* Begin PBXBuildFile section */
		672A17F12D2FA24D00D68719 /* FirebaseAnalytics in Frameworks */ = {isa = PBXBuildFile; productRef = 672A17F02D2FA24D00D68719 /* FirebaseAnalytics */; };
		672A17F32D2FA24D00D68719 /* FirebaseAnalyticsOnDeviceConversion in Frameworks */ = {isa = PBXBuildFile; productRef = 672A17F22D2FA24D00D68719 /* FirebaseAnalyticsOnDeviceConversion */; };
		672A17F52D2FA24D00D68719 /* FirebaseAnalyticsWithoutAdIdSupport in Frameworks */ = {isa = PBXBuildFile; productRef = 672A17F42D2FA24D00D68719 /* FirebaseAnalyticsWithoutAdIdSupport */; };
		672A17F72D2FA24D00D68719 /* FirebaseAppCheck in Frameworks */ = {isa = PBXBuildFile; productRef = 672A17F62D2FA24D00D68719 /* FirebaseAppCheck */; };
		672A17F92D2FA24D00D68719 /* FirebaseAppDistribution-Beta in Frameworks */ = {isa = PBXBuildFile; productRef = 672A17F82D2FA24D00D68719 /* FirebaseAppDistribution-Beta */; };
		672A17FB2D2FA24D00D68719 /* FirebaseAuth in Frameworks */ = {isa = PBXBuildFile; productRef = 672A17FA2D2FA24D00D68719 /* FirebaseAuth */; };
		672A17FD2D2FA24D00D68719 /* FirebaseAuthCombine-Community in Frameworks */ = {isa = PBXBuildFile; productRef = 672A17FC2D2FA24D00D68719 /* FirebaseAuthCombine-Community */; };
		672A17FF2D2FA24D00D68719 /* FirebaseCore in Frameworks */ = {isa = PBXBuildFile; productRef = 672A17FE2D2FA24D00D68719 /* FirebaseCore */; };
		672A18012D2FA24D00D68719 /* FirebaseCrashlytics in Frameworks */ = {isa = PBXBuildFile; productRef = 672A18002D2FA24D00D68719 /* FirebaseCrashlytics */; };
		672A18032D2FA24D00D68719 /* FirebaseDatabase in Frameworks */ = {isa = PBXBuildFile; productRef = 672A18022D2FA24D00D68719 /* FirebaseDatabase */; };
		672A18052D2FA24D00D68719 /* FirebaseDynamicLinks in Frameworks */ = {isa = PBXBuildFile; productRef = 672A18042D2FA24D00D68719 /* FirebaseDynamicLinks */; };
		672A18072D2FA24D00D68719 /* FirebaseFirestore in Frameworks */ = {isa = PBXBuildFile; productRef = 672A18062D2FA24D00D68719 /* FirebaseFirestore */; };
		672A18092D2FA24D00D68719 /* FirebaseFirestoreCombine-Community in Frameworks */ = {isa = PBXBuildFile; productRef = 672A18082D2FA24D00D68719 /* FirebaseFirestoreCombine-Community */; };
		672A180B2D2FA24D00D68719 /* FirebaseFunctions in Frameworks */ = {isa = PBXBuildFile; productRef = 672A180A2D2FA24D00D68719 /* FirebaseFunctions */; };
		672A180D2D2FA24D00D68719 /* FirebaseFunctionsCombine-Community in Frameworks */ = {isa = PBXBuildFile; productRef = 672A180C2D2FA24D00D68719 /* FirebaseFunctionsCombine-Community */; };
		672A180F2D2FA24D00D68719 /* FirebaseInAppMessaging-Beta in Frameworks */ = {isa = PBXBuildFile; productRef = 672A180E2D2FA24D00D68719 /* FirebaseInAppMessaging-Beta */; };
		672A18112D2FA24D00D68719 /* FirebaseInstallations in Frameworks */ = {isa = PBXBuildFile; productRef = 672A18102D2FA24D00D68719 /* FirebaseInstallations */; };
		672A18132D2FA24D00D68719 /* FirebaseMLModelDownloader in Frameworks */ = {isa = PBXBuildFile; productRef = 672A18122D2FA24D00D68719 /* FirebaseMLModelDownloader */; };
		672A18152D2FA24D00D68719 /* FirebaseMessaging in Frameworks */ = {isa = PBXBuildFile; productRef = 672A18142D2FA24D00D68719 /* FirebaseMessaging */; };
		672A18172D2FA24D00D68719 /* FirebasePerformance in Frameworks */ = {isa = PBXBuildFile; productRef = 672A18162D2FA24D00D68719 /* FirebasePerformance */; };
		672A18192D2FA24D00D68719 /* FirebaseRemoteConfig in Frameworks */ = {isa = PBXBuildFile; productRef = 672A18182D2FA24D00D68719 /* FirebaseRemoteConfig */; };
		672A181B2D2FA24D00D68719 /* FirebaseStorage in Frameworks */ = {isa = PBXBuildFile; productRef = 672A181A2D2FA24D00D68719 /* FirebaseStorage */; };
		672A181D2D2FA24D00D68719 /* FirebaseStorageCombine-Community in Frameworks */ = {isa = PBXBuildFile; productRef = 672A181C2D2FA24D00D68719 /* FirebaseStorageCombine-Community */; };
		672A181F2D2FA24D00D68719 /* FirebaseVertexAI in Frameworks */ = {isa = PBXBuildFile; productRef = 672A181E2D2FA24D00D68719 /* FirebaseVertexAI */; };
		675F54AC2D265AFF00706702 /* GoogleSignIn in Frameworks */ = {isa = PBXBuildFile; productRef = 675F54AB2D265AFF00706702 /* GoogleSignIn */; };
		675F54AE2D265AFF00706702 /* GoogleSignInSwift in Frameworks */ = {isa = PBXBuildFile; productRef = 675F54AD2D265AFF00706702 /* GoogleSignInSwift */; };
		67C259BE2D22714800CB8CF0 /* DotEnv in Frameworks */ = {isa = PBXBuildFile; productRef = 67C259BD2D22714800CB8CF0 /* DotEnv */; };
		67C259C82D22739400CB8CF0 /* KakaoSDK in Frameworks */ = {isa = PBXBuildFile; productRef = 67C259C72D22739400CB8CF0 /* KakaoSDK */; };
		67C259CA2D22739400CB8CF0 /* KakaoSDKAuth in Frameworks */ = {isa = PBXBuildFile; productRef = 67C259C92D22739400CB8CF0 /* KakaoSDKAuth */; };
		67C259CC2D22739400CB8CF0 /* KakaoSDKCert in Frameworks */ = {isa = PBXBuildFile; productRef = 67C259CB2D22739400CB8CF0 /* KakaoSDKCert */; };
		67C259CE2D22739400CB8CF0 /* KakaoSDKCertCore in Frameworks */ = {isa = PBXBuildFile; productRef = 67C259CD2D22739400CB8CF0 /* KakaoSDKCertCore */; };
		67C259D02D22739400CB8CF0 /* KakaoSDKCommon in Frameworks */ = {isa = PBXBuildFile; productRef = 67C259CF2D22739400CB8CF0 /* KakaoSDKCommon */; };
		67C259D22D22739400CB8CF0 /* KakaoSDKFriend in Frameworks */ = {isa = PBXBuildFile; productRef = 67C259D12D22739400CB8CF0 /* KakaoSDKFriend */; };
		67C259D42D22739400CB8CF0 /* KakaoSDKFriendCore in Frameworks */ = {isa = PBXBuildFile; productRef = 67C259D32D22739400CB8CF0 /* KakaoSDKFriendCore */; };
		67C259D62D22739400CB8CF0 /* KakaoSDKNavi in Frameworks */ = {isa = PBXBuildFile; productRef = 67C259D52D22739400CB8CF0 /* KakaoSDKNavi */; };
		67C259D82D22739400CB8CF0 /* KakaoSDKShare in Frameworks */ = {isa = PBXBuildFile; productRef = 67C259D72D22739400CB8CF0 /* KakaoSDKShare */; };
		67C259DA2D22739400CB8CF0 /* KakaoSDKTalk in Frameworks */ = {isa = PBXBuildFile; productRef = 67C259D92D22739400CB8CF0 /* KakaoSDKTalk */; };
		67C259DC2D22739400CB8CF0 /* KakaoSDKTemplate in Frameworks */ = {isa = PBXBuildFile; productRef = 67C259DB2D22739400CB8CF0 /* KakaoSDKTemplate */; };
		67C259DE2D22739400CB8CF0 /* KakaoSDKUser in Frameworks */ = {isa = PBXBuildFile; productRef = 67C259DD2D22739400CB8CF0 /* KakaoSDKUser */; };
		67C259E02D22747A00CB8CF0 /* KakaoSDKFriendResources.bundle in Resources */ = {isa = PBXBuildFile; fileRef = 67C259DF2D22747A00CB8CF0 /* KakaoSDKFriendResources.bundle */; };
/* End PBXBuildFile section */

/* Begin PBXContainerItemProxy section */
		67C2595C2D2009F300CB8CF0 /* PBXContainerItemProxy */ = {
			isa = PBXContainerItemProxy;
			containerPortal = 67C259432D2009F100CB8CF0 /* Project object */;
			proxyType = 1;
			remoteGlobalIDString = 67C2594A2D2009F100CB8CF0;
			remoteInfo = Baseball_Project;
		};
		67C259662D2009F300CB8CF0 /* PBXContainerItemProxy */ = {
			isa = PBXContainerItemProxy;
			containerPortal = 67C259432D2009F100CB8CF0 /* Project object */;
			proxyType = 1;
			remoteGlobalIDString = 67C2594A2D2009F100CB8CF0;
			remoteInfo = Baseball_Project;
		};
/* End PBXContainerItemProxy section */

/* Begin PBXFileReference section */
		67C2594B2D2009F100CB8CF0 /*    .app */ = {isa = PBXFileReference; explicitFileType = wrapper.application; includeInIndex = 0; path = "   .app"; sourceTree = BUILT_PRODUCTS_DIR; };
		67C2595B2D2009F300CB8CF0 /* BaseballTests.xctest */ = {isa = PBXFileReference; explicitFileType = wrapper.cfbundle; includeInIndex = 0; path = BaseballTests.xctest; sourceTree = BUILT_PRODUCTS_DIR; };
		67C259652D2009F300CB8CF0 /* BaseballUITests.xctest */ = {isa = PBXFileReference; explicitFileType = wrapper.cfbundle; includeInIndex = 0; path = BaseballUITests.xctest; sourceTree = BUILT_PRODUCTS_DIR; };
		67C259DF2D22747A00CB8CF0 /* KakaoSDKFriendResources.bundle */ = {isa = PBXFileReference; lastKnownFileType = "wrapper.plug-in"; path = KakaoSDKFriendResources.bundle; sourceTree = "<group>"; };
/* End PBXFileReference section */

/* Begin PBXFileSystemSynchronizedBuildFileExceptionSet section */
		67C259C42D22724400CB8CF0 /* Exceptions for "Baseball" folder in "   " target */ = {
			isa = PBXFileSystemSynchronizedBuildFileExceptionSet;
			membershipExceptions = (
				.env,
			);
			target = 67C2594A2D2009F100CB8CF0 /*     */;
		};
/* End PBXFileSystemSynchronizedBuildFileExceptionSet section */

/* Begin PBXFileSystemSynchronizedGroupBuildPhaseMembershipExceptionSet section */
		67C259C52D22724400CB8CF0 /* Exceptions for "Baseball" folder in "Compile Sources" phase from "   " target */ = {
			isa = PBXFileSystemSynchronizedGroupBuildPhaseMembershipExceptionSet;
			buildPhase = 67C259472D2009F100CB8CF0 /* Sources */;
			membershipExceptions = (
				.env,
			);
		};
/* End PBXFileSystemSynchronizedGroupBuildPhaseMembershipExceptionSet section */

/* Begin PBXFileSystemSynchronizedRootGroup section */
		67C2594D2D2009F100CB8CF0 /* Baseball */ = {
			isa = PBXFileSystemSynchronizedRootGroup;
			exceptions = (
				67C259C42D22724400CB8CF0 /* Exceptions for "Baseball" folder in "   " target */,
				67C259C52D22724400CB8CF0 /* Exceptions for "Baseball" folder in "Compile Sources" phase from "   " target */,
			);
			path = Baseball;
			sourceTree = "<group>";
		};
		67C2595E2D2009F300CB8CF0 /* Baseball_ProjectTests */ = {
			isa = PBXFileSystemSynchronizedRootGroup;
			path = Baseball_ProjectTests;
			sourceTree = "<group>";
		};
		67C259682D2009F300CB8CF0 /* Baseball_ProjectUITests */ = {
			isa = PBXFileSystemSynchronizedRootGroup;
			path = Baseball_ProjectUITests;
			sourceTree = "<group>";
		};
/* End PBXFileSystemSynchronizedRootGroup section */

/* Begin PBXFrameworksBuildPhase section */
		67C259482D2009F100CB8CF0 /* Frameworks */ = {
			isa = PBXFrameworksBuildPhase;
			buildActionMask = 2147483647;
			files = (
				672A180F2D2FA24D00D68719 /* FirebaseInAppMessaging-Beta in Frameworks */,
				672A17F72D2FA24D00D68719 /* FirebaseAppCheck in Frameworks */,
				675F54AE2D265AFF00706702 /* GoogleSignInSwift in Frameworks */,
				672A17F32D2FA24D00D68719 /* FirebaseAnalyticsOnDeviceConversion in Frameworks */,
				67C259BE2D22714800CB8CF0 /* DotEnv in Frameworks */,
				67C259D22D22739400CB8CF0 /* KakaoSDKFriend in Frameworks */,
				672A181D2D2FA24D00D68719 /* FirebaseStorageCombine-Community in Frameworks */,
				67C259C82D22739400CB8CF0 /* KakaoSDK in Frameworks */,
				672A18172D2FA24D00D68719 /* FirebasePerformance in Frameworks */,
				672A17FF2D2FA24D00D68719 /* FirebaseCore in Frameworks */,
				67C259D62D22739400CB8CF0 /* KakaoSDKNavi in Frameworks */,
				672A181B2D2FA24D00D68719 /* FirebaseStorage in Frameworks */,
				672A17F92D2FA24D00D68719 /* FirebaseAppDistribution-Beta in Frameworks */,
				67C259CE2D22739400CB8CF0 /* KakaoSDKCertCore in Frameworks */,
				672A18032D2FA24D00D68719 /* FirebaseDatabase in Frameworks */,
				672A17F52D2FA24D00D68719 /* FirebaseAnalyticsWithoutAdIdSupport in Frameworks */,
				672A180B2D2FA24D00D68719 /* FirebaseFunctions in Frameworks */,
				67C259DC2D22739400CB8CF0 /* KakaoSDKTemplate in Frameworks */,
				672A18092D2FA24D00D68719 /* FirebaseFirestoreCombine-Community in Frameworks */,
				67C259D42D22739400CB8CF0 /* KakaoSDKFriendCore in Frameworks */,
				672A18072D2FA24D00D68719 /* FirebaseFirestore in Frameworks */,
				672A18132D2FA24D00D68719 /* FirebaseMLModelDownloader in Frameworks */,
				67C259CA2D22739400CB8CF0 /* KakaoSDKAuth in Frameworks */,
				67C259DE2D22739400CB8CF0 /* KakaoSDKUser in Frameworks */,
				672A17F12D2FA24D00D68719 /* FirebaseAnalytics in Frameworks */,
				67C259DA2D22739400CB8CF0 /* KakaoSDKTalk in Frameworks */,
				67C259D82D22739400CB8CF0 /* KakaoSDKShare in Frameworks */,
				672A17FD2D2FA24D00D68719 /* FirebaseAuthCombine-Community in Frameworks */,
				672A180D2D2FA24D00D68719 /* FirebaseFunctionsCombine-Community in Frameworks */,
				672A18192D2FA24D00D68719 /* FirebaseRemoteConfig in Frameworks */,
				672A18152D2FA24D00D68719 /* FirebaseMessaging in Frameworks */,
				67C259D02D22739400CB8CF0 /* KakaoSDKCommon in Frameworks */,
				67C259CC2D22739400CB8CF0 /* KakaoSDKCert in Frameworks */,
				672A18112D2FA24D00D68719 /* FirebaseInstallations in Frameworks */,
				672A18012D2FA24D00D68719 /* FirebaseCrashlytics in Frameworks */,
				672A17FB2D2FA24D00D68719 /* FirebaseAuth in Frameworks */,
				675F54AC2D265AFF00706702 /* GoogleSignIn in Frameworks */,
				672A181F2D2FA24D00D68719 /* FirebaseVertexAI in Frameworks */,
				672A18052D2FA24D00D68719 /* FirebaseDynamicLinks in Frameworks */,
			);
			runOnlyForDeploymentPostprocessing = 0;
		};
		67C259582D2009F300CB8CF0 /* Frameworks */ = {
			isa = PBXFrameworksBuildPhase;
			buildActionMask = 2147483647;
			files = (
			);
			runOnlyForDeploymentPostprocessing = 0;
		};
		67C259622D2009F300CB8CF0 /* Frameworks */ = {
			isa = PBXFrameworksBuildPhase;
			buildActionMask = 2147483647;
			files = (
			);
			runOnlyForDeploymentPostprocessing = 0;
		};
/* End PBXFrameworksBuildPhase section */

/* Begin PBXGroup section */
		67C259422D2009F100CB8CF0 = {
			isa = PBXGroup;
			children = (
				67C259DF2D22747A00CB8CF0 /* KakaoSDKFriendResources.bundle */,
				67C2594D2D2009F100CB8CF0 /* Baseball */,
				67C2595E2D2009F300CB8CF0 /* Baseball_ProjectTests */,
				67C259682D2009F300CB8CF0 /* Baseball_ProjectUITests */,
				67C2594C2D2009F100CB8CF0 /* Products */,
			);
			sourceTree = "<group>";
		};
		67C2594C2D2009F100CB8CF0 /* Products */ = {
			isa = PBXGroup;
			children = (
				67C2594B2D2009F100CB8CF0 /*    .app */,
				67C2595B2D2009F300CB8CF0 /* BaseballTests.xctest */,
				67C259652D2009F300CB8CF0 /* BaseballUITests.xctest */,
			);
			name = Products;
			sourceTree = "<group>";
		};
/* End PBXGroup section */

/* Begin PBXNativeTarget section */
		67C2594A2D2009F100CB8CF0 /*     */ = {
			isa = PBXNativeTarget;
			buildConfigurationList = 67C2596F2D2009F300CB8CF0 /* Build configuration list for PBXNativeTarget "   " */;
			buildPhases = (
				67C259472D2009F100CB8CF0 /* Sources */,
				67C259482D2009F100CB8CF0 /* Frameworks */,
				67C259492D2009F100CB8CF0 /* Resources */,
			);
			buildRules = (
			);
			dependencies = (
			);
			fileSystemSynchronizedGroups = (
				67C2594D2D2009F100CB8CF0 /* Baseball */,
			);
			name = "   ";
			packageProductDependencies = (
				67C259BD2D22714800CB8CF0 /* DotEnv */,
				67C259C72D22739400CB8CF0 /* KakaoSDK */,
				67C259C92D22739400CB8CF0 /* KakaoSDKAuth */,
				67C259CB2D22739400CB8CF0 /* KakaoSDKCert */,
				67C259CD2D22739400CB8CF0 /* KakaoSDKCertCore */,
				67C259CF2D22739400CB8CF0 /* KakaoSDKCommon */,
				67C259D12D22739400CB8CF0 /* KakaoSDKFriend */,
				67C259D32D22739400CB8CF0 /* KakaoSDKFriendCore */,
				67C259D52D22739400CB8CF0 /* KakaoSDKNavi */,
				67C259D72D22739400CB8CF0 /* KakaoSDKShare */,
				67C259D92D22739400CB8CF0 /* KakaoSDKTalk */,
				67C259DB2D22739400CB8CF0 /* KakaoSDKTemplate */,
				67C259DD2D22739400CB8CF0 /* KakaoSDKUser */,
				675F54AB2D265AFF00706702 /* GoogleSignIn */,
				675F54AD2D265AFF00706702 /* GoogleSignInSwift */,
				672A17F02D2FA24D00D68719 /* FirebaseAnalytics */,
				672A17F22D2FA24D00D68719 /* FirebaseAnalyticsOnDeviceConversion */,
				672A17F42D2FA24D00D68719 /* FirebaseAnalyticsWithoutAdIdSupport */,
				672A17F62D2FA24D00D68719 /* FirebaseAppCheck */,
				672A17F82D2FA24D00D68719 /* FirebaseAppDistribution-Beta */,
				672A17FA2D2FA24D00D68719 /* FirebaseAuth */,
				672A17FC2D2FA24D00D68719 /* FirebaseAuthCombine-Community */,
				672A17FE2D2FA24D00D68719 /* FirebaseCore */,
				672A18002D2FA24D00D68719 /* FirebaseCrashlytics */,
				672A18022D2FA24D00D68719 /* FirebaseDatabase */,
				672A18042D2FA24D00D68719 /* FirebaseDynamicLinks */,
				672A18062D2FA24D00D68719 /* FirebaseFirestore */,
				672A18082D2FA24D00D68719 /* FirebaseFirestoreCombine-Community */,
				672A180A2D2FA24D00D68719 /* FirebaseFunctions */,
				672A180C2D2FA24D00D68719 /* FirebaseFunctionsCombine-Community */,
				672A180E2D2FA24D00D68719 /* FirebaseInAppMessaging-Beta */,
				672A18102D2FA24D00D68719 /* FirebaseInstallations */,
				672A18122D2FA24D00D68719 /* FirebaseMLModelDownloader */,
				672A18142D2FA24D00D68719 /* FirebaseMessaging */,
				672A18162D2FA24D00D68719 /* FirebasePerformance */,
				672A18182D2FA24D00D68719 /* FirebaseRemoteConfig */,
				672A181A2D2FA24D00D68719 /* FirebaseStorage */,
				672A181C2D2FA24D00D68719 /* FirebaseStorageCombine-Community */,
				672A181E2D2FA24D00D68719 /* FirebaseVertexAI */,
			);
			productName = Baseball_Project;
			productReference = 67C2594B2D2009F100CB8CF0 /*    .app */;
			productType = "com.apple.product-type.application";
		};
		67C2595A2D2009F300CB8CF0 /* BaseballTests */ = {
			isa = PBXNativeTarget;
			buildConfigurationList = 67C259722D2009F300CB8CF0 /* Build configuration list for PBXNativeTarget "BaseballTests" */;
			buildPhases = (
				67C259572D2009F300CB8CF0 /* Sources */,
				67C259582D2009F300CB8CF0 /* Frameworks */,
				67C259592D2009F300CB8CF0 /* Resources */,
			);
			buildRules = (
			);
			dependencies = (
				67C2595D2D2009F300CB8CF0 /* PBXTargetDependency */,
			);
			fileSystemSynchronizedGroups = (
				67C2595E2D2009F300CB8CF0 /* Baseball_ProjectTests */,
			);
			name = BaseballTests;
			packageProductDependencies = (
			);
			productName = Baseball_ProjectTests;
			productReference = 67C2595B2D2009F300CB8CF0 /* BaseballTests.xctest */;
			productType = "com.apple.product-type.bundle.unit-test";
		};
		67C259642D2009F300CB8CF0 /* BaseballUITests */ = {
			isa = PBXNativeTarget;
			buildConfigurationList = 67C259752D2009F300CB8CF0 /* Build configuration list for PBXNativeTarget "BaseballUITests" */;
			buildPhases = (
				67C259612D2009F300CB8CF0 /* Sources */,
				67C259622D2009F300CB8CF0 /* Frameworks */,
				67C259632D2009F300CB8CF0 /* Resources */,
			);
			buildRules = (
			);
			dependencies = (
				67C259672D2009F300CB8CF0 /* PBXTargetDependency */,
			);
			fileSystemSynchronizedGroups = (
				67C259682D2009F300CB8CF0 /* Baseball_ProjectUITests */,
			);
			name = BaseballUITests;
			packageProductDependencies = (
			);
			productName = Baseball_ProjectUITests;
			productReference = 67C259652D2009F300CB8CF0 /* BaseballUITests.xctest */;
			productType = "com.apple.product-type.bundle.ui-testing";
		};
/* End PBXNativeTarget section */

/* Begin PBXProject section */
		67C259432D2009F100CB8CF0 /* Project object */ = {
			isa = PBXProject;
			attributes = {
				BuildIndependentTargetsInParallel = 1;
				LastSwiftUpdateCheck = 1620;
				LastUpgradeCheck = 1620;
				TargetAttributes = {
					67C2594A2D2009F100CB8CF0 = {
						CreatedOnToolsVersion = 16.2;
					};
					67C2595A2D2009F300CB8CF0 = {
						CreatedOnToolsVersion = 16.2;
						TestTargetID = 67C2594A2D2009F100CB8CF0;
					};
					67C259642D2009F300CB8CF0 = {
						CreatedOnToolsVersion = 16.2;
						TestTargetID = 67C2594A2D2009F100CB8CF0;
					};
				};
			};
			buildConfigurationList = 67C259462D2009F100CB8CF0 /* Build configuration list for PBXProject "Baseball" */;
			developmentRegion = en;
			hasScannedForEncodings = 0;
			knownRegions = (
				en,
				Base,
			);
			mainGroup = 67C259422D2009F100CB8CF0;
			minimizedProjectReferenceProxies = 1;
			packageReferences = (
				67C259BC2D22714800CB8CF0 /* XCRemoteSwiftPackageReference "DotEnv" */,
				67C259C62D22739400CB8CF0 /* XCRemoteSwiftPackageReference "kakao-ios-sdk" */,
				675F54AA2D265AFF00706702 /* XCRemoteSwiftPackageReference "GoogleSignIn-iOS" */,
				672A17EF2D2FA24D00D68719 /* XCRemoteSwiftPackageReference "firebase-ios-sdk" */,
			);
			preferredProjectObjectVersion = 77;
			productRefGroup = 67C2594C2D2009F100CB8CF0 /* Products */;
			projectDirPath = "";
			projectRoot = "";
			targets = (
				67C2594A2D2009F100CB8CF0 /*     */,
				67C2595A2D2009F300CB8CF0 /* BaseballTests */,
				67C259642D2009F300CB8CF0 /* BaseballUITests */,
			);
		};
/* End PBXProject section */

/* Begin PBXResourcesBuildPhase section */
		67C259492D2009F100CB8CF0 /* Resources */ = {
			isa = PBXResourcesBuildPhase;
			buildActionMask = 2147483647;
			files = (
				67C259E02D22747A00CB8CF0 /* KakaoSDKFriendResources.bundle in Resources */,
			);
			runOnlyForDeploymentPostprocessing = 0;
		};
		67C259592D2009F300CB8CF0 /* Resources */ = {
			isa = PBXResourcesBuildPhase;
			buildActionMask = 2147483647;
			files = (
			);
			runOnlyForDeploymentPostprocessing = 0;
		};
		67C259632D2009F300CB8CF0 /* Resources */ = {
			isa = PBXResourcesBuildPhase;
			buildActionMask = 2147483647;
			files = (
			);
			runOnlyForDeploymentPostprocessing = 0;
		};
/* End PBXResourcesBuildPhase section */

/* Begin PBXSourcesBuildPhase section */
		67C259472D2009F100CB8CF0 /* Sources */ = {
			isa = PBXSourcesBuildPhase;
			buildActionMask = 2147483647;
			files = (
			);
			runOnlyForDeploymentPostprocessing = 0;
		};
		67C259572D2009F300CB8CF0 /* Sources */ = {
			isa = PBXSourcesBuildPhase;
			buildActionMask = 2147483647;
			files = (
			);
			runOnlyForDeploymentPostprocessing = 0;
		};
		67C259612D2009F300CB8CF0 /* Sources */ = {
			isa = PBXSourcesBuildPhase;
			buildActionMask = 2147483647;
			files = (
			);
			runOnlyForDeploymentPostprocessing = 0;
		};
/* End PBXSourcesBuildPhase section */

/* Begin PBXTargetDependency section */
		67C2595D2D2009F300CB8CF0 /* PBXTargetDependency */ = {
			isa = PBXTargetDependency;
			target = 67C2594A2D2009F100CB8CF0 /*     */;
			targetProxy = 67C2595C2D2009F300CB8CF0 /* PBXContainerItemProxy */;
		};
		67C259672D2009F300CB8CF0 /* PBXTargetDependency */ = {
			isa = PBXTargetDependency;
			target = 67C2594A2D2009F100CB8CF0 /*     */;
			targetProxy = 67C259662D2009F300CB8CF0 /* PBXContainerItemProxy */;
		};
/* End PBXTargetDependency section */

/* Begin XCBuildConfiguration section */
		67C2596D2D2009F300CB8CF0 /* Debug */ = {
			isa = XCBuildConfiguration;
			buildSettings = {
				ALWAYS_SEARCH_USER_PATHS = NO;
				ASSETCATALOG_COMPILER_GENERATE_SWIFT_ASSET_SYMBOL_EXTENSIONS = YES;
				CLANG_ANALYZER_NONNULL = YES;
				CLANG_ANALYZER_NUMBER_OBJECT_CONVERSION = YES_AGGRESSIVE;
				CLANG_CXX_LANGUAGE_STANDARD = "gnu++20";
				CLANG_ENABLE_MODULES = YES;
				CLANG_ENABLE_OBJC_ARC = YES;
				CLANG_ENABLE_OBJC_WEAK = YES;
				CLANG_WARN_BLOCK_CAPTURE_AUTORELEASING = YES;
				CLANG_WARN_BOOL_CONVERSION = YES;
				CLANG_WARN_COMMA = YES;
				CLANG_WARN_CONSTANT_CONVERSION = YES;
				CLANG_WARN_DEPRECATED_OBJC_IMPLEMENTATIONS = YES;
				CLANG_WARN_DIRECT_OBJC_ISA_USAGE = YES_ERROR;
				CLANG_WARN_DOCUMENTATION_COMMENTS = YES;
				CLANG_WARN_EMPTY_BODY = YES;
				CLANG_WARN_ENUM_CONVERSION = YES;
				CLANG_WARN_INFINITE_RECURSION = YES;
				CLANG_WARN_INT_CONVERSION = YES;
				CLANG_WARN_NON_LITERAL_NULL_CONVERSION = YES;
				CLANG_WARN_OBJC_IMPLICIT_RETAIN_SELF = YES;
				CLANG_WARN_OBJC_LITERAL_CONVERSION = YES;
				CLANG_WARN_OBJC_ROOT_CLASS = YES_ERROR;
				CLANG_WARN_QUOTED_INCLUDE_IN_FRAMEWORK_HEADER = YES;
				CLANG_WARN_RANGE_LOOP_ANALYSIS = YES;
				CLANG_WARN_STRICT_PROTOTYPES = YES;
				CLANG_WARN_SUSPICIOUS_MOVE = YES;
				CLANG_WARN_UNGUARDED_AVAILABILITY = YES_AGGRESSIVE;
				CLANG_WARN_UNREACHABLE_CODE = YES;
				CLANG_WARN__DUPLICATE_METHOD_MATCH = YES;
				COPY_PHASE_STRIP = NO;
				DEBUG_INFORMATION_FORMAT = dwarf;
				ENABLE_STRICT_OBJC_MSGSEND = YES;
				ENABLE_TESTABILITY = YES;
				ENABLE_USER_SCRIPT_SANDBOXING = YES;
				GCC_C_LANGUAGE_STANDARD = gnu17;
				GCC_DYNAMIC_NO_PIC = NO;
				GCC_NO_COMMON_BLOCKS = YES;
				GCC_OPTIMIZATION_LEVEL = 0;
				GCC_PREPROCESSOR_DEFINITIONS = (
					"DEBUG=1",
					"$(inherited)",
				);
				GCC_WARN_64_TO_32_BIT_CONVERSION = YES;
				GCC_WARN_ABOUT_RETURN_TYPE = YES_ERROR;
				GCC_WARN_UNDECLARED_SELECTOR = YES;
				GCC_WARN_UNINITIALIZED_AUTOS = YES_AGGRESSIVE;
				GCC_WARN_UNUSED_FUNCTION = YES;
				GCC_WARN_UNUSED_VARIABLE = YES;
				IPHONEOS_DEPLOYMENT_TARGET = 18.2;
				LOCALIZATION_PREFERS_STRING_CATALOGS = YES;
				MTL_ENABLE_DEBUG_INFO = INCLUDE_SOURCE;
				MTL_FAST_MATH = YES;
				ONLY_ACTIVE_ARCH = YES;
				SDKROOT = iphoneos;
				SWIFT_ACTIVE_COMPILATION_CONDITIONS = "DEBUG $(inherited)";
				SWIFT_OPTIMIZATION_LEVEL = "-Onone";
			};
			name = Debug;
		};
		67C2596E2D2009F300CB8CF0 /* Release */ = {
			isa = XCBuildConfiguration;
			buildSettings = {
				ALWAYS_SEARCH_USER_PATHS = NO;
				ASSETCATALOG_COMPILER_GENERATE_SWIFT_ASSET_SYMBOL_EXTENSIONS = YES;
				CLANG_ANALYZER_NONNULL = YES;
				CLANG_ANALYZER_NUMBER_OBJECT_CONVERSION = YES_AGGRESSIVE;
				CLANG_CXX_LANGUAGE_STANDARD = "gnu++20";
				CLANG_ENABLE_MODULES = YES;
				CLANG_ENABLE_OBJC_ARC = YES;
				CLANG_ENABLE_OBJC_WEAK = YES;
				CLANG_WARN_BLOCK_CAPTURE_AUTORELEASING = YES;
				CLANG_WARN_BOOL_CONVERSION = YES;
				CLANG_WARN_COMMA = YES;
				CLANG_WARN_CONSTANT_CONVERSION = YES;
				CLANG_WARN_DEPRECATED_OBJC_IMPLEMENTATIONS = YES;
				CLANG_WARN_DIRECT_OBJC_ISA_USAGE = YES_ERROR;
				CLANG_WARN_DOCUMENTATION_COMMENTS = YES;
				CLANG_WARN_EMPTY_BODY = YES;
				CLANG_WARN_ENUM_CONVERSION = YES;
				CLANG_WARN_INFINITE_RECURSION = YES;
				CLANG_WARN_INT_CONVERSION = YES;
				CLANG_WARN_NON_LITERAL_NULL_CONVERSION = YES;
				CLANG_WARN_OBJC_IMPLICIT_RETAIN_SELF = YES;
				CLANG_WARN_OBJC_LITERAL_CONVERSION = YES;
				CLANG_WARN_OBJC_ROOT_CLASS = YES_ERROR;
				CLANG_WARN_QUOTED_INCLUDE_IN_FRAMEWORK_HEADER = YES;
				CLANG_WARN_RANGE_LOOP_ANALYSIS = YES;
				CLANG_WARN_STRICT_PROTOTYPES = YES;
				CLANG_WARN_SUSPICIOUS_MOVE = YES;
				CLANG_WARN_UNGUARDED_AVAILABILITY = YES_AGGRESSIVE;
				CLANG_WARN_UNREACHABLE_CODE = YES;
				CLANG_WARN__DUPLICATE_METHOD_MATCH = YES;
				COPY_PHASE_STRIP = NO;
				DEBUG_INFORMATION_FORMAT = "dwarf-with-dsym";
				ENABLE_NS_ASSERTIONS = NO;
				ENABLE_STRICT_OBJC_MSGSEND = YES;
				ENABLE_USER_SCRIPT_SANDBOXING = YES;
				GCC_C_LANGUAGE_STANDARD = gnu17;
				GCC_NO_COMMON_BLOCKS = YES;
				GCC_WARN_64_TO_32_BIT_CONVERSION = YES;
				GCC_WARN_ABOUT_RETURN_TYPE = YES_ERROR;
				GCC_WARN_UNDECLARED_SELECTOR = YES;
				GCC_WARN_UNINITIALIZED_AUTOS = YES_AGGRESSIVE;
				GCC_WARN_UNUSED_FUNCTION = YES;
				GCC_WARN_UNUSED_VARIABLE = YES;
				IPHONEOS_DEPLOYMENT_TARGET = 18.2;
				LOCALIZATION_PREFERS_STRING_CATALOGS = YES;
				MTL_ENABLE_DEBUG_INFO = NO;
				MTL_FAST_MATH = YES;
				SDKROOT = iphoneos;
				SWIFT_COMPILATION_MODE = wholemodule;
				VALIDATE_PRODUCT = YES;
			};
			name = Release;
		};
		67C259702D2009F300CB8CF0 /* Debug */ = {
			isa = XCBuildConfiguration;
			buildSettings = {
				ASSETCATALOG_COMPILER_APPICON_NAME = AppIcon;
				ASSETCATALOG_COMPILER_GLOBAL_ACCENT_COLOR_NAME = AccentColor;
				CODE_SIGN_STYLE = Automatic;
				CURRENT_PROJECT_VERSION = 1;
				DEVELOPMENT_ASSET_PATHS = "\"Baseball/Preview Content\"";
				DEVELOPMENT_TEAM = U84KVP7AF4;
				ENABLE_PREVIEWS = YES;
				GENERATE_INFOPLIST_FILE = YES;
				INFOPLIST_FILE = "Baseball.Baseball-Project";
				INFOPLIST_KEY_LSApplicationCategoryType = "public.app-category.lifestyle";
				INFOPLIST_KEY_UIApplicationSceneManifest_Generation = YES;
				INFOPLIST_KEY_UIApplicationSupportsIndirectInputEvents = YES;
				INFOPLIST_KEY_UILaunchScreen_Generation = YES;
				INFOPLIST_KEY_UISupportedInterfaceOrientations_iPad = "UIInterfaceOrientationPortrait UIInterfaceOrientationPortraitUpsideDown UIInterfaceOrientationLandscapeLeft UIInterfaceOrientationLandscapeRight";
				INFOPLIST_KEY_UISupportedInterfaceOrientations_iPhone = "UIInterfaceOrientationPortrait UIInterfaceOrientationLandscapeLeft UIInterfaceOrientationLandscapeRight";
				INFOPLIST_PREPROCESS = NO;
				IPHONEOS_DEPLOYMENT_TARGET = 18.0;
				LD_RUNPATH_SEARCH_PATHS = (
					"$(inherited)",
					"@executable_path/Frameworks",
				);
				MARKETING_VERSION = 1.0;
				PRODUCT_BUNDLE_IDENTIFIER = Baseball.Baseball;
				PRODUCT_NAME = "$(TARGET_NAME)";
				SWIFT_EMIT_LOC_STRINGS = YES;
				SWIFT_VERSION = 5.0;
				TARGETED_DEVICE_FAMILY = "1,2";
			};
			name = Debug;
		};
		67C259712D2009F300CB8CF0 /* Release */ = {
			isa = XCBuildConfiguration;
			buildSettings = {
				ASSETCATALOG_COMPILER_APPICON_NAME = AppIcon;
				ASSETCATALOG_COMPILER_GLOBAL_ACCENT_COLOR_NAME = AccentColor;
				CODE_SIGN_STYLE = Automatic;
				CURRENT_PROJECT_VERSION = 1;
				DEVELOPMENT_ASSET_PATHS = "\"Baseball/Preview Content\"";
				DEVELOPMENT_TEAM = U84KVP7AF4;
				ENABLE_PREVIEWS = YES;
				GENERATE_INFOPLIST_FILE = YES;
				INFOPLIST_FILE = "Baseball.Baseball-Project";
				INFOPLIST_KEY_LSApplicationCategoryType = "public.app-category.lifestyle";
				INFOPLIST_KEY_UIApplicationSceneManifest_Generation = YES;
				INFOPLIST_KEY_UIApplicationSupportsIndirectInputEvents = YES;
				INFOPLIST_KEY_UILaunchScreen_Generation = YES;
				INFOPLIST_KEY_UISupportedInterfaceOrientations_iPad = "UIInterfaceOrientationPortrait UIInterfaceOrientationPortraitUpsideDown UIInterfaceOrientationLandscapeLeft UIInterfaceOrientationLandscapeRight";
				INFOPLIST_KEY_UISupportedInterfaceOrientations_iPhone = "UIInterfaceOrientationPortrait UIInterfaceOrientationLandscapeLeft UIInterfaceOrientationLandscapeRight";
				INFOPLIST_PREPROCESS = NO;
				IPHONEOS_DEPLOYMENT_TARGET = 18.0;
				LD_RUNPATH_SEARCH_PATHS = (
					"$(inherited)",
					"@executable_path/Frameworks",
				);
				MARKETING_VERSION = 1.0;
				PRODUCT_BUNDLE_IDENTIFIER = Baseball.Baseball;
				PRODUCT_NAME = "$(TARGET_NAME)";
				SWIFT_EMIT_LOC_STRINGS = YES;
				SWIFT_VERSION = 5.0;
				TARGETED_DEVICE_FAMILY = "1,2";
			};
			name = Release;
		};
		67C259732D2009F300CB8CF0 /* Debug */ = {
			isa = XCBuildConfiguration;
			buildSettings = {
				BUNDLE_LOADER = "$(TEST_HOST)";
				CODE_SIGN_STYLE = Automatic;
				CURRENT_PROJECT_VERSION = 1;
				DEVELOPMENT_TEAM = U84KVP7AF4;
				GENERATE_INFOPLIST_FILE = YES;
				IPHONEOS_DEPLOYMENT_TARGET = 18.2;
				MARKETING_VERSION = 1.0;
				PRODUCT_BUNDLE_IDENTIFIER = "Baseball.Baseball-ProjectTests";
				PRODUCT_NAME = "$(TARGET_NAME)";
				SWIFT_EMIT_LOC_STRINGS = NO;
				SWIFT_VERSION = 5.0;
				TARGETED_DEVICE_FAMILY = "1,2";
				TEST_HOST = "$(BUILT_PRODUCTS_DIR)/Baseball.app/$(BUNDLE_EXECUTABLE_FOLDER_PATH)/Baseball";
			};
			name = Debug;
		};
		67C259742D2009F300CB8CF0 /* Release */ = {
			isa = XCBuildConfiguration;
			buildSettings = {
				BUNDLE_LOADER = "$(TEST_HOST)";
				CODE_SIGN_STYLE = Automatic;
				CURRENT_PROJECT_VERSION = 1;
				DEVELOPMENT_TEAM = U84KVP7AF4;
				GENERATE_INFOPLIST_FILE = YES;
				IPHONEOS_DEPLOYMENT_TARGET = 18.2;
				MARKETING_VERSION = 1.0;
				PRODUCT_BUNDLE_IDENTIFIER = "Baseball.Baseball-ProjectTests";
				PRODUCT_NAME = "$(TARGET_NAME)";
				SWIFT_EMIT_LOC_STRINGS = NO;
				SWIFT_VERSION = 5.0;
				TARGETED_DEVICE_FAMILY = "1,2";
				TEST_HOST = "$(BUILT_PRODUCTS_DIR)/Baseball.app/$(BUNDLE_EXECUTABLE_FOLDER_PATH)/Baseball";
			};
			name = Release;
		};
		67C259762D2009F300CB8CF0 /* Debug */ = {
			isa = XCBuildConfiguration;
			buildSettings = {
				CODE_SIGN_STYLE = Automatic;
				CURRENT_PROJECT_VERSION = 1;
				DEVELOPMENT_TEAM = U84KVP7AF4;
				GENERATE_INFOPLIST_FILE = YES;
				MARKETING_VERSION = 1.0;
				PRODUCT_BUNDLE_IDENTIFIER = "Baseball.Baseball-ProjectUITests";
				PRODUCT_NAME = "$(TARGET_NAME)";
				SWIFT_EMIT_LOC_STRINGS = NO;
				SWIFT_VERSION = 5.0;
				TARGETED_DEVICE_FAMILY = "1,2";
				TEST_TARGET_NAME = Baseball_Project;
			};
			name = Debug;
		};
		67C259772D2009F300CB8CF0 /* Release */ = {
			isa = XCBuildConfiguration;
			buildSettings = {
				CODE_SIGN_STYLE = Automatic;
				CURRENT_PROJECT_VERSION = 1;
				DEVELOPMENT_TEAM = U84KVP7AF4;
				GENERATE_INFOPLIST_FILE = YES;
				MARKETING_VERSION = 1.0;
				PRODUCT_BUNDLE_IDENTIFIER = "Baseball.Baseball-ProjectUITests";
				PRODUCT_NAME = "$(TARGET_NAME)";
				SWIFT_EMIT_LOC_STRINGS = NO;
				SWIFT_VERSION = 5.0;
				TARGETED_DEVICE_FAMILY = "1,2";
				TEST_TARGET_NAME = Baseball_Project;
			};
			name = Release;
		};
/* End XCBuildConfiguration section */

/* Begin XCConfigurationList section */
		67C259462D2009F100CB8CF0 /* Build configuration list for PBXProject "Baseball" */ = {
			isa = XCConfigurationList;
			buildConfigurations = (
				67C2596D2D2009F300CB8CF0 /* Debug */,
				67C2596E2D2009F300CB8CF0 /* Release */,
			);
			defaultConfigurationIsVisible = 0;
			defaultConfigurationName = Release;
		};
		67C2596F2D2009F300CB8CF0 /* Build configuration list for PBXNativeTarget "   " */ = {
			isa = XCConfigurationList;
			buildConfigurations = (
				67C259702D2009F300CB8CF0 /* Debug */,
				67C259712D2009F300CB8CF0 /* Release */,
			);
			defaultConfigurationIsVisible = 0;
			defaultConfigurationName = Release;
		};
		67C259722D2009F300CB8CF0 /* Build configuration list for PBXNativeTarget "BaseballTests" */ = {
			isa = XCConfigurationList;
			buildConfigurations = (
				67C259732D2009F300CB8CF0 /* Debug */,
				67C259742D2009F300CB8CF0 /* Release */,
			);
			defaultConfigurationIsVisible = 0;
			defaultConfigurationName = Release;
		};
		67C259752D2009F300CB8CF0 /* Build configuration list for PBXNativeTarget "BaseballUITests" */ = {
			isa = XCConfigurationList;
			buildConfigurations = (
				67C259762D2009F300CB8CF0 /* Debug */,
				67C259772D2009F300CB8CF0 /* Release */,
			);
			defaultConfigurationIsVisible = 0;
			defaultConfigurationName = Release;
		};
/* End XCConfigurationList section */

/* Begin XCRemoteSwiftPackageReference section */
		672A17EF2D2FA24D00D68719 /* XCRemoteSwiftPackageReference "firebase-ios-sdk" */ = {
			isa = XCRemoteSwiftPackageReference;
			repositoryURL = "https://github.com/firebase/firebase-ios-sdk.git";
			requirement = {
				kind = upToNextMajorVersion;
				minimumVersion = 11.6.0;
			};
		};
		675F54AA2D265AFF00706702 /* XCRemoteSwiftPackageReference "GoogleSignIn-iOS" */ = {
			isa = XCRemoteSwiftPackageReference;
			repositoryURL = "https://github.com/google/GoogleSignIn-iOS";
			requirement = {
				kind = upToNextMajorVersion;
				minimumVersion = 8.0.0;
			};
		};
		67C259BC2D22714800CB8CF0 /* XCRemoteSwiftPackageReference "DotEnv" */ = {
			isa = XCRemoteSwiftPackageReference;
			repositoryURL = "https://github.com/swiftpackages/DotEnv";
			requirement = {
				branch = main;
				kind = branch;
			};
		};
		67C259C62D22739400CB8CF0 /* XCRemoteSwiftPackageReference "kakao-ios-sdk" */ = {
			isa = XCRemoteSwiftPackageReference;
			repositoryURL = "https://github.com/kakao/kakao-ios-sdk";
			requirement = {
				branch = master;
				kind = branch;
			};
		};
/* End XCRemoteSwiftPackageReference section */

/* Begin XCSwiftPackageProductDependency section */
		672A17F02D2FA24D00D68719 /* FirebaseAnalytics */ = {
			isa = XCSwiftPackageProductDependency;
			package = 672A17EF2D2FA24D00D68719 /* XCRemoteSwiftPackageReference "firebase-ios-sdk" */;
			productName = FirebaseAnalytics;
		};
		672A17F22D2FA24D00D68719 /* FirebaseAnalyticsOnDeviceConversion */ = {
			isa = XCSwiftPackageProductDependency;
			package = 672A17EF2D2FA24D00D68719 /* XCRemoteSwiftPackageReference "firebase-ios-sdk" */;
			productName = FirebaseAnalyticsOnDeviceConversion;
		};
		672A17F42D2FA24D00D68719 /* FirebaseAnalyticsWithoutAdIdSupport */ = {
			isa = XCSwiftPackageProductDependency;
			package = 672A17EF2D2FA24D00D68719 /* XCRemoteSwiftPackageReference "firebase-ios-sdk" */;
			productName = FirebaseAnalyticsWithoutAdIdSupport;
		};
		672A17F62D2FA24D00D68719 /* FirebaseAppCheck */ = {
			isa = XCSwiftPackageProductDependency;
			package = 672A17EF2D2FA24D00D68719 /* XCRemoteSwiftPackageReference "firebase-ios-sdk" */;
			productName = FirebaseAppCheck;
		};
		672A17F82D2FA24D00D68719 /* FirebaseAppDistribution-Beta */ = {
			isa = XCSwiftPackageProductDependency;
			package = 672A17EF2D2FA24D00D68719 /* XCRemoteSwiftPackageReference "firebase-ios-sdk" */;
			productName = "FirebaseAppDistribution-Beta";
		};
		672A17FA2D2FA24D00D68719 /* FirebaseAuth */ = {
			isa = XCSwiftPackageProductDependency;
			package = 672A17EF2D2FA24D00D68719 /* XCRemoteSwiftPackageReference "firebase-ios-sdk" */;
			productName = FirebaseAuth;
		};
		672A17FC2D2FA24D00D68719 /* FirebaseAuthCombine-Community */ = {
			isa = XCSwiftPackageProductDependency;
			package = 672A17EF2D2FA24D00D68719 /* XCRemoteSwiftPackageReference "firebase-ios-sdk" */;
			productName = "FirebaseAuthCombine-Community";
		};
		672A17FE2D2FA24D00D68719 /* FirebaseCore */ = {
			isa = XCSwiftPackageProductDependency;
			package = 672A17EF2D2FA24D00D68719 /* XCRemoteSwiftPackageReference "firebase-ios-sdk" */;
			productName = FirebaseCore;
		};
		672A18002D2FA24D00D68719 /* FirebaseCrashlytics */ = {
			isa = XCSwiftPackageProductDependency;
			package = 672A17EF2D2FA24D00D68719 /* XCRemoteSwiftPackageReference "firebase-ios-sdk" */;
			productName = FirebaseCrashlytics;
		};
		672A18022D2FA24D00D68719 /* FirebaseDatabase */ = {
			isa = XCSwiftPackageProductDependency;
			package = 672A17EF2D2FA24D00D68719 /* XCRemoteSwiftPackageReference "firebase-ios-sdk" */;
			productName = FirebaseDatabase;
		};
		672A18042D2FA24D00D68719 /* FirebaseDynamicLinks */ = {
			isa = XCSwiftPackageProductDependency;
			package = 672A17EF2D2FA24D00D68719 /* XCRemoteSwiftPackageReference "firebase-ios-sdk" */;
			productName = FirebaseDynamicLinks;
		};
		672A18062D2FA24D00D68719 /* FirebaseFirestore */ = {
			isa = XCSwiftPackageProductDependency;
			package = 672A17EF2D2FA24D00D68719 /* XCRemoteSwiftPackageReference "firebase-ios-sdk" */;
			productName = FirebaseFirestore;
		};
		672A18082D2FA24D00D68719 /* FirebaseFirestoreCombine-Community */ = {
			isa = XCSwiftPackageProductDependency;
			package = 672A17EF2D2FA24D00D68719 /* XCRemoteSwiftPackageReference "firebase-ios-sdk" */;
			productName = "FirebaseFirestoreCombine-Community";
		};
		672A180A2D2FA24D00D68719 /* FirebaseFunctions */ = {
			isa = XCSwiftPackageProductDependency;
			package = 672A17EF2D2FA24D00D68719 /* XCRemoteSwiftPackageReference "firebase-ios-sdk" */;
			productName = FirebaseFunctions;
		};
		672A180C2D2FA24D00D68719 /* FirebaseFunctionsCombine-Community */ = {
			isa = XCSwiftPackageProductDependency;
			package = 672A17EF2D2FA24D00D68719 /* XCRemoteSwiftPackageReference "firebase-ios-sdk" */;
			productName = "FirebaseFunctionsCombine-Community";
		};
		672A180E2D2FA24D00D68719 /* FirebaseInAppMessaging-Beta */ = {
			isa = XCSwiftPackageProductDependency;
			package = 672A17EF2D2FA24D00D68719 /* XCRemoteSwiftPackageReference "firebase-ios-sdk" */;
			productName = "FirebaseInAppMessaging-Beta";
		};
		672A18102D2FA24D00D68719 /* FirebaseInstallations */ = {
			isa = XCSwiftPackageProductDependency;
			package = 672A17EF2D2FA24D00D68719 /* XCRemoteSwiftPackageReference "firebase-ios-sdk" */;
			productName = FirebaseInstallations;
		};
		672A18122D2FA24D00D68719 /* FirebaseMLModelDownloader */ = {
			isa = XCSwiftPackageProductDependency;
			package = 672A17EF2D2FA24D00D68719 /* XCRemoteSwiftPackageReference "firebase-ios-sdk" */;
			productName = FirebaseMLModelDownloader;
		};
		672A18142D2FA24D00D68719 /* FirebaseMessaging */ = {
			isa = XCSwiftPackageProductDependency;
			package = 672A17EF2D2FA24D00D68719 /* XCRemoteSwiftPackageReference "firebase-ios-sdk" */;
			productName = FirebaseMessaging;
		};
		672A18162D2FA24D00D68719 /* FirebasePerformance */ = {
			isa = XCSwiftPackageProductDependency;
			package = 672A17EF2D2FA24D00D68719 /* XCRemoteSwiftPackageReference "firebase-ios-sdk" */;
			productName = FirebasePerformance;
		};
		672A18182D2FA24D00D68719 /* FirebaseRemoteConfig */ = {
			isa = XCSwiftPackageProductDependency;
			package = 672A17EF2D2FA24D00D68719 /* XCRemoteSwiftPackageReference "firebase-ios-sdk" */;
			productName = FirebaseRemoteConfig;
		};
		672A181A2D2FA24D00D68719 /* FirebaseStorage */ = {
			isa = XCSwiftPackageProductDependency;
			package = 672A17EF2D2FA24D00D68719 /* XCRemoteSwiftPackageReference "firebase-ios-sdk" */;
			productName = FirebaseStorage;
		};
		672A181C2D2FA24D00D68719 /* FirebaseStorageCombine-Community */ = {
			isa = XCSwiftPackageProductDependency;
			package = 672A17EF2D2FA24D00D68719 /* XCRemoteSwiftPackageReference "firebase-ios-sdk" */;
			productName = "FirebaseStorageCombine-Community";
		};
		672A181E2D2FA24D00D68719 /* FirebaseVertexAI */ = {
			isa = XCSwiftPackageProductDependency;
			package = 672A17EF2D2FA24D00D68719 /* XCRemoteSwiftPackageReference "firebase-ios-sdk" */;
			productName = FirebaseVertexAI;
		};
		675F54AB2D265AFF00706702 /* GoogleSignIn */ = {
			isa = XCSwiftPackageProductDependency;
			package = 675F54AA2D265AFF00706702 /* XCRemoteSwiftPackageReference "GoogleSignIn-iOS" */;
			productName = GoogleSignIn;
		};
		675F54AD2D265AFF00706702 /* GoogleSignInSwift */ = {
			isa = XCSwiftPackageProductDependency;
			package = 675F54AA2D265AFF00706702 /* XCRemoteSwiftPackageReference "GoogleSignIn-iOS" */;
			productName = GoogleSignInSwift;
		};
		67C259BD2D22714800CB8CF0 /* DotEnv */ = {
			isa = XCSwiftPackageProductDependency;
			package = 67C259BC2D22714800CB8CF0 /* XCRemoteSwiftPackageReference "DotEnv" */;
			productName = DotEnv;
		};
		67C259C72D22739400CB8CF0 /* KakaoSDK */ = {
			isa = XCSwiftPackageProductDependency;
			package = 67C259C62D22739400CB8CF0 /* XCRemoteSwiftPackageReference "kakao-ios-sdk" */;
			productName = KakaoSDK;
		};
		67C259C92D22739400CB8CF0 /* KakaoSDKAuth */ = {
			isa = XCSwiftPackageProductDependency;
			package = 67C259C62D22739400CB8CF0 /* XCRemoteSwiftPackageReference "kakao-ios-sdk" */;
			productName = KakaoSDKAuth;
		};
		67C259CB2D22739400CB8CF0 /* KakaoSDKCert */ = {
			isa = XCSwiftPackageProductDependency;
			package = 67C259C62D22739400CB8CF0 /* XCRemoteSwiftPackageReference "kakao-ios-sdk" */;
			productName = KakaoSDKCert;
		};
		67C259CD2D22739400CB8CF0 /* KakaoSDKCertCore */ = {
			isa = XCSwiftPackageProductDependency;
			package = 67C259C62D22739400CB8CF0 /* XCRemoteSwiftPackageReference "kakao-ios-sdk" */;
			productName = KakaoSDKCertCore;
		};
		67C259CF2D22739400CB8CF0 /* KakaoSDKCommon */ = {
			isa = XCSwiftPackageProductDependency;
			package = 67C259C62D22739400CB8CF0 /* XCRemoteSwiftPackageReference "kakao-ios-sdk" */;
			productName = KakaoSDKCommon;
		};
		67C259D12D22739400CB8CF0 /* KakaoSDKFriend */ = {
			isa = XCSwiftPackageProductDependency;
			package = 67C259C62D22739400CB8CF0 /* XCRemoteSwiftPackageReference "kakao-ios-sdk" */;
			productName = KakaoSDKFriend;
		};
		67C259D32D22739400CB8CF0 /* KakaoSDKFriendCore */ = {
			isa = XCSwiftPackageProductDependency;
			package = 67C259C62D22739400CB8CF0 /* XCRemoteSwiftPackageReference "kakao-ios-sdk" */;
			productName = KakaoSDKFriendCore;
		};
		67C259D52D22739400CB8CF0 /* KakaoSDKNavi */ = {
			isa = XCSwiftPackageProductDependency;
			package = 67C259C62D22739400CB8CF0 /* XCRemoteSwiftPackageReference "kakao-ios-sdk" */;
			productName = KakaoSDKNavi;
		};
		67C259D72D22739400CB8CF0 /* KakaoSDKShare */ = {
			isa = XCSwiftPackageProductDependency;
			package = 67C259C62D22739400CB8CF0 /* XCRemoteSwiftPackageReference "kakao-ios-sdk" */;
			productName = KakaoSDKShare;
		};
		67C259D92D22739400CB8CF0 /* KakaoSDKTalk */ = {
			isa = XCSwiftPackageProductDependency;
			package = 67C259C62D22739400CB8CF0 /* XCRemoteSwiftPackageReference "kakao-ios-sdk" */;
			productName = KakaoSDKTalk;
		};
		67C259DB2D22739400CB8CF0 /* KakaoSDKTemplate */ = {
			isa = XCSwiftPackageProductDependency;
			package = 67C259C62D22739400CB8CF0 /* XCRemoteSwiftPackageReference "kakao-ios-sdk" */;
			productName = KakaoSDKTemplate;
		};
		67C259DD2D22739400CB8CF0 /* KakaoSDKUser */ = {
			isa = XCSwiftPackageProductDependency;
			package = 67C259C62D22739400CB8CF0 /* XCRemoteSwiftPackageReference "kakao-ios-sdk" */;
			productName = KakaoSDKUser;
		};
/* End XCSwiftPackageProductDependency section */
	};
	rootObject = 67C259432D2009F100CB8CF0 /* Project object */;
}
